
Microsoft Visual Studio Solution File, Format Version 12.00
# Visual Studio Version 17
VisualStudioVersion = 17.11.35208.52
MinimumVisualStudioVersion = 10.0.40219.1
Project("{FAE04EC0-301F-11D3-BF4B-00C04F79EFBC}") = "RockPaperScissors", "RockPaperScissors\RockPaperScissors.csproj", "{01E61844-3959-47CF-B92B-E1E2D9C8127F}"
EndProject
Global
	GlobalSection(SolutionConfigurationPlatforms) = preSolution
		Debug|Any CPU = Debug|Any CPU
		Release|Any CPU = Release|Any CPU
	EndGlobalSection
	GlobalSection(ProjectConfigurationPlatforms) = postSolution
		{01E61844-3959-47CF-B92B-E1E2D9C8127F}.Debug|Any CPU.ActiveCfg = Debug|Any CPU
		{01E61844-3959-47CF-B92B-E1E2D9C8127F}.Debug|Any CPU.Build.0 = Debug|Any CPU
		{01E61844-3959-47CF-B92B-E1E2D9C8127F}.Release|Any CPU.ActiveCfg = Release|Any CPU
		{01E61844-3959-47CF-B92B-E1E2D9C8127F}.Release|Any CPU.Build.0 = Release|Any CPU
	EndGlobalSection
	GlobalSection(SolutionProperties) = preSolution
		HideSolutionNode = FALSE
	EndGlobalSection
	GlobalSection(ExtensibilityGlobals) = postSolution
		SolutionGuid = {0337D308-0FBB-4D1B-89F2-448926A09F8C}
	EndGlobalSection
EndGlobal
